
Microsoft Visual Studio Solution File, Format Version 12.00
# Visual Studio 15
VisualStudioVersion = 15.0.26730.3
MinimumVisualStudioVersion = 10.0.40219.1
Project("{FAE04EC0-301F-11D3-BF4B-00C04F79EFBC}") = "ICT - InternetConnectionTest", "ICT - InternetConnectionTest\ICT - InternetConnectionTest.csproj", "{F2AEABF5-750B-4AB5-9C58-4FA6174FF416}"
EndProject
Project("{FAE04EC0-301F-11D3-BF4B-00C04F79EFBC}") = "DataAccess", "DataAccess\DataAccess.csproj", "{2E6F9A54-C15A-4558-8DBB-771F56B051BF}"
EndProject
Project("{FAE04EC0-301F-11D3-BF4B-00C04F79EFBC}") = "Domain", "Domain\Domain.csproj", "{1C3E6A71-97CA-40DE-B11C-9BB95FE69E13}"
EndProject
Project("{FAE04EC0-301F-11D3-BF4B-00C04F79EFBC}") = "Common", "Common\Common.csproj", "{B6DEEFA6-E248-4767-9387-91436EF12C58}"
EndProject
Project("{F184B08F-C81C-45F6-A57F-5ABD9991F28F}") = "saidaConsole", "..\..\..\..\Desktop\OUTROS\1 - Documentos diversos\projetos em c#\informações de adptadores de rede\saidaConsole\saidaConsole.vbproj", "{546484AE-6433-4759-ACCD-EA7DAAB0FE37}"
EndProject
Global
	GlobalSection(SolutionConfigurationPlatforms) = preSolution
		Debug|Any CPU = Debug|Any CPU
		Debug|ARM = Debug|ARM
		Debug|ARM64 = Debug|ARM64
		Debug|x64 = Debug|x64
		Debug|x86 = Debug|x86
		Release|Any CPU = Release|Any CPU
		Release|ARM = Release|ARM
		Release|ARM64 = Release|ARM64
		Release|x64 = Release|x64
		Release|x86 = Release|x86
	EndGlobalSection
	GlobalSection(ProjectConfigurationPlatforms) = postSolution
		{F2AEABF5-750B-4AB5-9C58-4FA6174FF416}.Debug|Any CPU.ActiveCfg = Debug|Any CPU
		{F2AEABF5-750B-4AB5-9C58-4FA6174FF416}.Debug|Any CPU.Build.0 = Debug|Any CPU
		{F2AEABF5-750B-4AB5-9C58-4FA6174FF416}.Debug|ARM.ActiveCfg = Debug|Any CPU
		{F2AEABF5-750B-4AB5-9C58-4FA6174FF416}.Debug|ARM.Build.0 = Debug|Any CPU
		{F2AEABF5-750B-4AB5-9C58-4FA6174FF416}.Debug|ARM64.ActiveCfg = Debug|Any CPU
		{F2AEABF5-750B-4AB5-9C58-4FA6174FF416}.Debug|ARM64.Build.0 = Debug|Any CPU
		{F2AEABF5-750B-4AB5-9C58-4FA6174FF416}.Debug|x64.ActiveCfg = Debug|Any CPU
		{F2AEABF5-750B-4AB5-9C58-4FA6174FF416}.Debug|x64.Build.0 = Debug|Any CPU
		{F2AEABF5-750B-4AB5-9C58-4FA6174FF416}.Debug|x86.ActiveCfg = Debug|Any CPU
		{F2AEABF5-750B-4AB5-9C58-4FA6174FF416}.Debug|x86.Build.0 = Debug|Any CPU
		{F2AEABF5-750B-4AB5-9C58-4FA6174FF416}.Release|Any CPU.ActiveCfg = Release|Any CPU
		{F2AEABF5-750B-4AB5-9C58-4FA6174FF416}.Release|Any CPU.Build.0 = Release|Any CPU
		{F2AEABF5-750B-4AB5-9C58-4FA6174FF416}.Release|ARM.ActiveCfg = Release|Any CPU
		{F2AEABF5-750B-4AB5-9C58-4FA6174FF416}.Release|ARM.Build.0 = Release|Any CPU
		{F2AEABF5-750B-4AB5-9C58-4FA6174FF416}.Release|ARM64.ActiveCfg = Release|Any CPU
		{F2AEABF5-750B-4AB5-9C58-4FA6174FF416}.Release|ARM64.Build.0 = Release|Any CPU
		{F2AEABF5-750B-4AB5-9C58-4FA6174FF416}.Release|x64.ActiveCfg = Release|Any CPU
		{F2AEABF5-750B-4AB5-9C58-4FA6174FF416}.Release|x64.Build.0 = Release|Any CPU
		{F2AEABF5-750B-4AB5-9C58-4FA6174FF416}.Release|x86.ActiveCfg = Release|Any CPU
		{F2AEABF5-750B-4AB5-9C58-4FA6174FF416}.Release|x86.Build.0 = Release|Any CPU
		{2E6F9A54-C15A-4558-8DBB-771F56B051BF}.Debug|Any CPU.ActiveCfg = Debug|Any CPU
		{2E6F9A54-C15A-4558-8DBB-771F56B051BF}.Debug|Any CPU.Build.0 = Debug|Any CPU
		{2E6F9A54-C15A-4558-8DBB-771F56B051BF}.Debug|ARM.ActiveCfg = Debug|Any CPU
		{2E6F9A54-C15A-4558-8DBB-771F56B051BF}.Debug|ARM.Build.0 = Debug|Any CPU
		{2E6F9A54-C15A-4558-8DBB-771F56B051BF}.Debug|ARM64.ActiveCfg = Debug|Any CPU
		{2E6F9A54-C15A-4558-8DBB-771F56B051BF}.Debug|ARM64.Build.0 = Debug|Any CPU
		{2E6F9A54-C15A-4558-8DBB-771F56B051BF}.Debug|x64.ActiveCfg = Debug|Any CPU
		{2E6F9A54-C15A-4558-8DBB-771F56B051BF}.Debug|x64.Build.0 = Debug|Any CPU
		{2E6F9A54-C15A-4558-8DBB-771F56B051BF}.Debug|x86.ActiveCfg = Debug|Any CPU
		{2E6F9A54-C15A-4558-8DBB-771F56B051BF}.Debug|x86.Build.0 = Debug|Any CPU
		{2E6F9A54-C15A-4558-8DBB-771F56B051BF}.Release|Any CPU.ActiveCfg = Release|Any CPU
		{2E6F9A54-C15A-4558-8DBB-771F56B051BF}.Release|Any CPU.Build.0 = Release|Any CPU
		{2E6F9A54-C15A-4558-8DBB-771F56B051BF}.Release|ARM.ActiveCfg = Release|Any CPU
		{2E6F9A54-C15A-4558-8DBB-771F56B051BF}.Release|ARM.Build.0 = Release|Any CPU
		{2E6F9A54-C15A-4558-8DBB-771F56B051BF}.Release|ARM64.ActiveCfg = Release|Any CPU
		{2E6F9A54-C15A-4558-8DBB-771F56B051BF}.Release|ARM64.Build.0 = Release|Any CPU
		{2E6F9A54-C15A-4558-8DBB-771F56B051BF}.Release|x64.ActiveCfg = Release|Any CPU
		{2E6F9A54-C15A-4558-8DBB-771F56B051BF}.Release|x64.Build.0 = Release|Any CPU
		{2E6F9A54-C15A-4558-8DBB-771F56B051BF}.Release|x86.ActiveCfg = Release|Any CPU
		{2E6F9A54-C15A-4558-8DBB-771F56B051BF}.Release|x86.Build.0 = Release|Any CPU
		{1C3E6A71-97CA-40DE-B11C-9BB95FE69E13}.Debug|Any CPU.ActiveCfg = Debug|Any CPU
		{1C3E6A71-97CA-40DE-B11C-9BB95FE69E13}.Debug|Any CPU.Build.0 = Debug|Any CPU
		{1C3E6A71-97CA-40DE-B11C-9BB95FE69E13}.Debug|ARM.ActiveCfg = Debug|Any CPU
		{1C3E6A71-97CA-40DE-B11C-9BB95FE69E13}.Debug|ARM.Build.0 = Debug|Any CPU
		{1C3E6A71-97CA-40DE-B11C-9BB95FE69E13}.Debug|ARM64.ActiveCfg = Debug|Any CPU
		{1C3E6A71-97CA-40DE-B11C-9BB95FE69E13}.Debug|ARM64.Build.0 = Debug|Any CPU
		{1C3E6A71-97CA-40DE-B11C-9BB95FE69E13}.Debug|x64.ActiveCfg = Debug|Any CPU
		{1C3E6A71-97CA-40DE-B11C-9BB95FE69E13}.Debug|x64.Build.0 = Debug|Any CPU
		{1C3E6A71-97CA-40DE-B11C-9BB95FE69E13}.Debug|x86.ActiveCfg = Debug|Any CPU
		{1C3E6A71-97CA-40DE-B11C-9BB95FE69E13}.Debug|x86.Build.0 = Debug|Any CPU
		{1C3E6A71-97CA-40DE-B11C-9BB95FE69E13}.Release|Any CPU.ActiveCfg = Release|Any CPU
		{1C3E6A71-97CA-40DE-B11C-9BB95FE69E13}.Release|Any CPU.Build.0 = Release|Any CPU
		{1C3E6A71-97CA-40DE-B11C-9BB95FE69E13}.Release|ARM.ActiveCfg = Release|Any CPU
		{1C3E6A71-97CA-40DE-B11C-9BB95FE69E13}.Release|ARM.Build.0 = Release|Any CPU
		{1C3E6A71-97CA-40DE-B11C-9BB95FE69E13}.Release|ARM64.ActiveCfg = Release|Any CPU
		{1C3E6A71-97CA-40DE-B11C-9BB95FE69E13}.Release|ARM64.Build.0 = Release|Any CPU
		{1C3E6A71-97CA-40DE-B11C-9BB95FE69E13}.Release|x64.ActiveCfg = Release|Any CPU
		{1C3E6A71-97CA-40DE-B11C-9BB95FE69E13}.Release|x64.Build.0 = Release|Any CPU
		{1C3E6A71-97CA-40DE-B11C-9BB95FE69E13}.Release|x86.ActiveCfg = Release|Any CPU
		{1C3E6A71-97CA-40DE-B11C-9BB95FE69E13}.Release|x86.Build.0 = Release|Any CPU
		{B6DEEFA6-E248-4767-9387-91436EF12C58}.Debug|Any CPU.ActiveCfg = Debug|Any CPU
		{B6DEEFA6-E248-4767-9387-91436EF12C58}.Debug|Any CPU.Build.0 = Debug|Any CPU
		{B6DEEFA6-E248-4767-9387-91436EF12C58}.Debug|ARM.ActiveCfg = Debug|Any CPU
		{B6DEEFA6-E248-4767-9387-91436EF12C58}.Debug|ARM.Build.0 = Debug|Any CPU
		{B6DEEFA6-E248-4767-9387-91436EF12C58}.Debug|ARM64.ActiveCfg = Debug|Any CPU
		{B6DEEFA6-E248-4767-9387-91436EF12C58}.Debug|ARM64.Build.0 = Debug|Any CPU
		{B6DEEFA6-E248-4767-9387-91436EF12C58}.Debug|x64.ActiveCfg = Debug|Any CPU
		{B6DEEFA6-E248-4767-9387-91436EF12C58}.Debug|x64.Build.0 = Debug|Any CPU
		{B6DEEFA6-E248-4767-9387-91436EF12C58}.Debug|x86.ActiveCfg = Debug|Any CPU
		{B6DEEFA6-E248-4767-9387-91436EF12C58}.Debug|x86.Build.0 = Debug|Any CPU
		{B6DEEFA6-E248-4767-9387-91436EF12C58}.Release|Any CPU.ActiveCfg = Release|Any CPU
		{B6DEEFA6-E248-4767-9387-91436EF12C58}.Release|Any CPU.Build.0 = Release|Any CPU
		{B6DEEFA6-E248-4767-9387-91436EF12C58}.Release|ARM.ActiveCfg = Release|Any CPU
		{B6DEEFA6-E248-4767-9387-91436EF12C58}.Release|ARM.Build.0 = Release|Any CPU
		{B6DEEFA6-E248-4767-9387-91436EF12C58}.Release|ARM64.ActiveCfg = Release|Any CPU
		{B6DEEFA6-E248-4767-9387-91436EF12C58}.Release|ARM64.Build.0 = Release|Any CPU
		{B6DEEFA6-E248-4767-9387-91436EF12C58}.Release|x64.ActiveCfg = Release|Any CPU
		{B6DEEFA6-E248-4767-9387-91436EF12C58}.Release|x64.Build.0 = Release|Any CPU
		{B6DEEFA6-E248-4767-9387-91436EF12C58}.Release|x86.ActiveCfg = Release|Any CPU
		{B6DEEFA6-E248-4767-9387-91436EF12C58}.Release|x86.Build.0 = Release|Any CPU
		{546484AE-6433-4759-ACCD-EA7DAAB0FE37}.Debug|Any CPU.ActiveCfg = Debug|Any CPU
		{546484AE-6433-4759-ACCD-EA7DAAB0FE37}.Debug|Any CPU.Build.0 = Debug|Any CPU
		{546484AE-6433-4759-ACCD-EA7DAAB0FE37}.Debug|ARM.ActiveCfg = Debug|Any CPU
		{546484AE-6433-4759-ACCD-EA7DAAB0FE37}.Debug|ARM.Build.0 = Debug|Any CPU
		{546484AE-6433-4759-ACCD-EA7DAAB0FE37}.Debug|ARM64.ActiveCfg = Debug|Any CPU
		{546484AE-6433-4759-ACCD-EA7DAAB0FE37}.Debug|ARM64.Build.0 = Debug|Any CPU
		{546484AE-6433-4759-ACCD-EA7DAAB0FE37}.Debug|x64.ActiveCfg = Debug|Any CPU
		{546484AE-6433-4759-ACCD-EA7DAAB0FE37}.Debug|x64.Build.0 = Debug|Any CPU
		{546484AE-6433-4759-ACCD-EA7DAAB0FE37}.Debug|x86.ActiveCfg = Debug|Any CPU
		{546484AE-6433-4759-ACCD-EA7DAAB0FE37}.Debug|x86.Build.0 = Debug|Any CPU
		{546484AE-6433-4759-ACCD-EA7DAAB0FE37}.Release|Any CPU.ActiveCfg = Release|Any CPU
		{546484AE-6433-4759-ACCD-EA7DAAB0FE37}.Release|Any CPU.Build.0 = Release|Any CPU
		{546484AE-6433-4759-ACCD-EA7DAAB0FE37}.Release|ARM.ActiveCfg = Release|Any CPU
		{546484AE-6433-4759-ACCD-EA7DAAB0FE37}.Release|ARM.Build.0 = Release|Any CPU
		{546484AE-6433-4759-ACCD-EA7DAAB0FE37}.Release|ARM64.ActiveCfg = Release|Any CPU
		{546484AE-6433-4759-ACCD-EA7DAAB0FE37}.Release|ARM64.Build.0 = Release|Any CPU
		{546484AE-6433-4759-ACCD-EA7DAAB0FE37}.Release|x64.ActiveCfg = Release|Any CPU
		{546484AE-6433-4759-ACCD-EA7DAAB0FE37}.Release|x64.Build.0 = Release|Any CPU
		{546484AE-6433-4759-ACCD-EA7DAAB0FE37}.Release|x86.ActiveCfg = Release|Any CPU
		{546484AE-6433-4759-ACCD-EA7DAAB0FE37}.Release|x86.Build.0 = Release|Any CPU
	EndGlobalSection
	GlobalSection(SolutionProperties) = preSolution
		HideSolutionNode = FALSE
	EndGlobalSection
	GlobalSection(ExtensibilityGlobals) = postSolution
		SolutionGuid = {FD04299F-D9D5-4E33-A788-CF4B945372CB}
	EndGlobalSection
EndGlobal
